
Microsoft Visual Studio Solution File, Format Version 12.00
# Visual Studio Version 16
VisualStudioVersion = 16.0.30907.101
MinimumVisualStudioVersion = 10.0.40219.1
Project("{FAE04EC0-301F-11D3-BF4B-00C04F79EFBC}") = "ClassMetotDemo", "ClassMetotDemo\ClassMetotDemo.csproj", "{AA0E3466-947F-451F-910D-6574C5BF834C}"
EndProject
Global
	GlobalSection(SolutionConfigurationPlatforms) = preSolution
		Debug|Any CPU = Debug|Any CPU
		Release|Any CPU = Release|Any CPU
	EndGlobalSection
	GlobalSection(ProjectConfigurationPlatforms) = postSolution
		{AA0E3466-947F-451F-910D-6574C5BF834C}.Debug|Any CPU.ActiveCfg = Debug|Any CPU
		{AA0E3466-947F-451F-910D-6574C5BF834C}.Debug|Any CPU.Build.0 = Debug|Any CPU
		{AA0E3466-947F-451F-910D-6574C5BF834C}.Release|Any CPU.ActiveCfg = Release|Any CPU
		{AA0E3466-947F-451F-910D-6574C5BF834C}.Release|Any CPU.Build.0 = Release|Any CPU
	EndGlobalSection
	GlobalSection(SolutionProperties) = preSolution
		HideSolutionNode = FALSE
	EndGlobalSection
	GlobalSection(ExtensibilityGlobals) = postSolution
		SolutionGuid = {8C8B3184-C07E-4E79-A7DE-24E0F3E12458}
	EndGlobalSection
EndGlobal
